
Microsoft Visual Studio Solution File, Format Version 12.00
# Visual Studio 15
VisualStudioVersion = 15.0.26124.0
MinimumVisualStudioVersion = 15.0.26124.0
Project("{FAE04EC0-301F-11D3-BF4B-00C04F79EFBC}") = "Content.Client", "Content.Client\Content.Client.csproj", "{F2524BEF-CD40-4F05-8BB8-87102E573D03}"
EndProject
Project("{FAE04EC0-301F-11D3-BF4B-00C04F79EFBC}") = "Content.Server", "Content.Server\Content.Server.csproj", "{0848FC53-0C81-4861-86A1-9C21A8937373}"
EndProject
Project("{FAE04EC0-301F-11D3-BF4B-00C04F79EFBC}") = "Content.Shared", "Content.Shared\Content.Shared.csproj", "{56C48D9A-A3A8-40DC-8DF0-7FFD2674CC6D}"
EndProject
Project("{2150E333-8FDC-42A3-9474-1A3956D46DE8}") = "RobustToolbox", "RobustToolbox", "{F5F87A9D-C304-4833-B107-D666317F6931}"
EndProject
Project("{FAE04EC0-301F-11D3-BF4B-00C04F79EFBC}") = "Robust.Client", "RobustToolbox\Robust.Client\Robust.Client.csproj", "{2A829DE3-FCB2-4FEA-A6F3-B85122C8D11E}"
EndProject
Project("{FAE04EC0-301F-11D3-BF4B-00C04F79EFBC}") = "Robust.Physics", "RobustToolbox\Robust.Physics\Robust.Physics.csproj", "{97EBBD32-8980-4243-9F90-BC7075B3EC8F}"
EndProject
Project("{FAE04EC0-301F-11D3-BF4B-00C04F79EFBC}") = "Robust.Shared", "RobustToolbox\Robust.Shared\Robust.Shared.csproj", "{B4D5BABE-B7C5-4D73-9F8F-B5411866A1BE}"
EndProject
Project("{FAE04EC0-301F-11D3-BF4B-00C04F79EFBC}") = "Robust.Server", "RobustToolbox\Robust.Server\Robust.Server.csproj", "{68AA41CC-6095-4889-8114-B9E1B3F08B75}"
EndProject
Project("{FAE04EC0-301F-11D3-BF4B-00C04F79EFBC}") = "Robust.Shared.Maths", "RobustToolbox\Robust.Shared.Maths\Robust.Shared.Maths.csproj", "{09D5BA00-5066-4FDF-81C5-DC5E469DB11F}"
EndProject
Project("{FAE04EC0-301F-11D3-BF4B-00C04F79EFBC}") = "Robust.Shared.Scripting", "RobustToolbox\Robust.Shared.Scripting\Robust.Shared.Scripting.csproj", "{7B565BBE-97BE-4964-BA30-E9B8F70978ED}"
EndProject
Project("{2150E333-8FDC-42A3-9474-1A3956D46DE8}") = "NetSerializer", "NetSerializer", "{FBA7FDE5-3884-4C46-A14E-3CDDC9091007}"
EndProject
Project("{FAE04EC0-301F-11D3-BF4B-00C04F79EFBC}") = "NetSerializer", "RobustToolbox\NetSerializer\NetSerializer\NetSerializer.csproj", "{7D6AC09C-D5A1-436E-9437-BD3B3FCD3B64}"
EndProject
Project("{FAE04EC0-301F-11D3-BF4B-00C04F79EFBC}") = "Lidgren.Network", "RobustToolbox\Lidgren.Network\Lidgren.Network.csproj", "{12D598FD-8FFA-4BAF-8594-FDB9834144FF}"
EndProject
Project("{2150E333-8FDC-42A3-9474-1A3956D46DE8}") = "ManagedHttpListener", "ManagedHttpListener", "{570637B0-A2D5-4DE0-BE6E-F6D18FDADEF8}"
EndProject
Project("{FAE04EC0-301F-11D3-BF4B-00C04F79EFBC}") = "System.Net.HttpListener", "RobustToolbox\ManagedHttpListener\src\System.Net.HttpListener.csproj", "{6C443730-DF8D-45AF-9575-AE06D229402B}"
EndProject
Project("{2150E333-8FDC-42A3-9474-1A3956D46DE8}") = "Robust.LoaderApi", "Robust.LoaderApi", "{B3780286-288A-45E7-ABAE-FFF7A3428D59}"
EndProject
Project("{FAE04EC0-301F-11D3-BF4B-00C04F79EFBC}") = "Robust.LoaderApi", "RobustToolbox\Robust.LoaderApi\Robust.LoaderApi\Robust.LoaderApi.csproj", "{DDF1B695-A47A-4FF3-ACFC-B0912B9581F7}"
EndProject
Project("{2150E333-8FDC-42A3-9474-1A3956D46DE8}") = "XamlX", "XamlX", "{364C79C4-8DED-4395-AC5C-33AF4A1137FD}"
EndProject
Project("{FAE04EC0-301F-11D3-BF4B-00C04F79EFBC}") = "XamlX", "RobustToolbox\XamlX\src\XamlX\XamlX.csproj", "{88734BE2-8E37-442B-A0FD-EA8D622E6DCC}"
EndProject
Project("{FAE04EC0-301F-11D3-BF4B-00C04F79EFBC}") = "XamlX.IL.Cecil", "RobustToolbox\XamlX\src\XamlX.IL.Cecil\XamlX.IL.Cecil.csproj", "{B2927BC6-A72A-4D28-AFEE-DBA0F1724C22}"
EndProject
Project("{FAE04EC0-301F-11D3-BF4B-00C04F79EFBC}") = "XamlX.Runtime", "RobustToolbox\XamlX\src\XamlX.Runtime\XamlX.Runtime.csproj", "{5F1123A8-3664-41EE-A893-870FE5EB56BB}"
EndProject
Project("{FAE04EC0-301F-11D3-BF4B-00C04F79EFBC}") = "OpenToolkit.GraphicsLibraryFramework", "RobustToolbox\OpenToolkit.GraphicsLibraryFramework\OpenToolkit.GraphicsLibraryFramework.csproj", "{08EF7487-9E47-4975-8E31-393108501A71}"
EndProject
Project("{FAE04EC0-301F-11D3-BF4B-00C04F79EFBC}") = "Robust.Client.Injectors", "RobustToolbox\Robust.Client.Injectors\Robust.Client.Injectors.csproj", "{365521F2-9A13-45F0-BFDC-E21E9ED9CD55}"
EndProject
Project("{FAE04EC0-301F-11D3-BF4B-00C04F79EFBC}") = "Robust.Client.NameGenerator", "RobustToolbox\Robust.Client.NameGenerator\Robust.Client.NameGenerator.csproj", "{6EE481FB-7B14-4211-81CE-9135B62B5A23}"
EndProject
Global
	GlobalSection(SolutionConfigurationPlatforms) = preSolution
		Debug|Any CPU = Debug|Any CPU
		Debug|x64 = Debug|x64
		Debug|x86 = Debug|x86
		Release|Any CPU = Release|Any CPU
		Release|x64 = Release|x64
		Release|x86 = Release|x86
	EndGlobalSection
	GlobalSection(SolutionProperties) = preSolution
		HideSolutionNode = FALSE
	EndGlobalSection
	GlobalSection(ProjectConfigurationPlatforms) = postSolution
		{F2524BEF-CD40-4F05-8BB8-87102E573D03}.Debug|Any CPU.ActiveCfg = Debug|Any CPU
		{F2524BEF-CD40-4F05-8BB8-87102E573D03}.Debug|Any CPU.Build.0 = Debug|Any CPU
		{F2524BEF-CD40-4F05-8BB8-87102E573D03}.Debug|x64.ActiveCfg = Debug|Any CPU
		{F2524BEF-CD40-4F05-8BB8-87102E573D03}.Debug|x64.Build.0 = Debug|Any CPU
		{F2524BEF-CD40-4F05-8BB8-87102E573D03}.Debug|x86.ActiveCfg = Debug|Any CPU
		{F2524BEF-CD40-4F05-8BB8-87102E573D03}.Debug|x86.Build.0 = Debug|Any CPU
		{F2524BEF-CD40-4F05-8BB8-87102E573D03}.Release|Any CPU.ActiveCfg = Release|Any CPU
		{F2524BEF-CD40-4F05-8BB8-87102E573D03}.Release|Any CPU.Build.0 = Release|Any CPU
		{F2524BEF-CD40-4F05-8BB8-87102E573D03}.Release|x64.ActiveCfg = Release|Any CPU
		{F2524BEF-CD40-4F05-8BB8-87102E573D03}.Release|x64.Build.0 = Release|Any CPU
		{F2524BEF-CD40-4F05-8BB8-87102E573D03}.Release|x86.ActiveCfg = Release|Any CPU
		{F2524BEF-CD40-4F05-8BB8-87102E573D03}.Release|x86.Build.0 = Release|Any CPU
		{0848FC53-0C81-4861-86A1-9C21A8937373}.Debug|Any CPU.ActiveCfg = Debug|Any CPU
		{0848FC53-0C81-4861-86A1-9C21A8937373}.Debug|Any CPU.Build.0 = Debug|Any CPU
		{0848FC53-0C81-4861-86A1-9C21A8937373}.Debug|x64.ActiveCfg = Debug|Any CPU
		{0848FC53-0C81-4861-86A1-9C21A8937373}.Debug|x64.Build.0 = Debug|Any CPU
		{0848FC53-0C81-4861-86A1-9C21A8937373}.Debug|x86.ActiveCfg = Debug|Any CPU
		{0848FC53-0C81-4861-86A1-9C21A8937373}.Debug|x86.Build.0 = Debug|Any CPU
		{0848FC53-0C81-4861-86A1-9C21A8937373}.Release|Any CPU.ActiveCfg = Release|Any CPU
		{0848FC53-0C81-4861-86A1-9C21A8937373}.Release|Any CPU.Build.0 = Release|Any CPU
		{0848FC53-0C81-4861-86A1-9C21A8937373}.Release|x64.ActiveCfg = Release|Any CPU
		{0848FC53-0C81-4861-86A1-9C21A8937373}.Release|x64.Build.0 = Release|Any CPU
		{0848FC53-0C81-4861-86A1-9C21A8937373}.Release|x86.ActiveCfg = Release|Any CPU
		{0848FC53-0C81-4861-86A1-9C21A8937373}.Release|x86.Build.0 = Release|Any CPU
		{56C48D9A-A3A8-40DC-8DF0-7FFD2674CC6D}.Debug|Any CPU.ActiveCfg = Debug|Any CPU
		{56C48D9A-A3A8-40DC-8DF0-7FFD2674CC6D}.Debug|Any CPU.Build.0 = Debug|Any CPU
		{56C48D9A-A3A8-40DC-8DF0-7FFD2674CC6D}.Debug|x64.ActiveCfg = Debug|Any CPU
		{56C48D9A-A3A8-40DC-8DF0-7FFD2674CC6D}.Debug|x64.Build.0 = Debug|Any CPU
		{56C48D9A-A3A8-40DC-8DF0-7FFD2674CC6D}.Debug|x86.ActiveCfg = Debug|Any CPU
		{56C48D9A-A3A8-40DC-8DF0-7FFD2674CC6D}.Debug|x86.Build.0 = Debug|Any CPU
		{56C48D9A-A3A8-40DC-8DF0-7FFD2674CC6D}.Release|Any CPU.ActiveCfg = Release|Any CPU
		{56C48D9A-A3A8-40DC-8DF0-7FFD2674CC6D}.Release|Any CPU.Build.0 = Release|Any CPU
		{56C48D9A-A3A8-40DC-8DF0-7FFD2674CC6D}.Release|x64.ActiveCfg = Release|Any CPU
		{56C48D9A-A3A8-40DC-8DF0-7FFD2674CC6D}.Release|x64.Build.0 = Release|Any CPU
		{56C48D9A-A3A8-40DC-8DF0-7FFD2674CC6D}.Release|x86.ActiveCfg = Release|Any CPU
		{56C48D9A-A3A8-40DC-8DF0-7FFD2674CC6D}.Release|x86.Build.0 = Release|Any CPU
		{2A829DE3-FCB2-4FEA-A6F3-B85122C8D11E}.Debug|Any CPU.ActiveCfg = Debug|Any CPU
		{2A829DE3-FCB2-4FEA-A6F3-B85122C8D11E}.Debug|Any CPU.Build.0 = Debug|Any CPU
		{2A829DE3-FCB2-4FEA-A6F3-B85122C8D11E}.Debug|x64.ActiveCfg = Debug|Any CPU
		{2A829DE3-FCB2-4FEA-A6F3-B85122C8D11E}.Debug|x64.Build.0 = Debug|Any CPU
		{2A829DE3-FCB2-4FEA-A6F3-B85122C8D11E}.Debug|x86.ActiveCfg = Debug|Any CPU
		{2A829DE3-FCB2-4FEA-A6F3-B85122C8D11E}.Debug|x86.Build.0 = Debug|Any CPU
		{2A829DE3-FCB2-4FEA-A6F3-B85122C8D11E}.Release|Any CPU.ActiveCfg = Release|Any CPU
		{2A829DE3-FCB2-4FEA-A6F3-B85122C8D11E}.Release|Any CPU.Build.0 = Release|Any CPU
		{2A829DE3-FCB2-4FEA-A6F3-B85122C8D11E}.Release|x64.ActiveCfg = Release|Any CPU
		{2A829DE3-FCB2-4FEA-A6F3-B85122C8D11E}.Release|x64.Build.0 = Release|Any CPU
		{2A829DE3-FCB2-4FEA-A6F3-B85122C8D11E}.Release|x86.ActiveCfg = Release|Any CPU
		{2A829DE3-FCB2-4FEA-A6F3-B85122C8D11E}.Release|x86.Build.0 = Release|Any CPU
		{97EBBD32-8980-4243-9F90-BC7075B3EC8F}.Debug|Any CPU.ActiveCfg = Debug|Any CPU
		{97EBBD32-8980-4243-9F90-BC7075B3EC8F}.Debug|Any CPU.Build.0 = Debug|Any CPU
		{97EBBD32-8980-4243-9F90-BC7075B3EC8F}.Debug|x64.ActiveCfg = Debug|Any CPU
		{97EBBD32-8980-4243-9F90-BC7075B3EC8F}.Debug|x64.Build.0 = Debug|Any CPU
		{97EBBD32-8980-4243-9F90-BC7075B3EC8F}.Debug|x86.ActiveCfg = Debug|Any CPU
		{97EBBD32-8980-4243-9F90-BC7075B3EC8F}.Debug|x86.Build.0 = Debug|Any CPU
		{97EBBD32-8980-4243-9F90-BC7075B3EC8F}.Release|Any CPU.ActiveCfg = Release|Any CPU
		{97EBBD32-8980-4243-9F90-BC7075B3EC8F}.Release|Any CPU.Build.0 = Release|Any CPU
		{97EBBD32-8980-4243-9F90-BC7075B3EC8F}.Release|x64.ActiveCfg = Release|Any CPU
		{97EBBD32-8980-4243-9F90-BC7075B3EC8F}.Release|x64.Build.0 = Release|Any CPU
		{97EBBD32-8980-4243-9F90-BC7075B3EC8F}.Release|x86.ActiveCfg = Release|Any CPU
		{97EBBD32-8980-4243-9F90-BC7075B3EC8F}.Release|x86.Build.0 = Release|Any CPU
		{B4D5BABE-B7C5-4D73-9F8F-B5411866A1BE}.Debug|Any CPU.ActiveCfg = Debug|Any CPU
		{B4D5BABE-B7C5-4D73-9F8F-B5411866A1BE}.Debug|Any CPU.Build.0 = Debug|Any CPU
		{B4D5BABE-B7C5-4D73-9F8F-B5411866A1BE}.Debug|x64.ActiveCfg = Debug|Any CPU
		{B4D5BABE-B7C5-4D73-9F8F-B5411866A1BE}.Debug|x64.Build.0 = Debug|Any CPU
		{B4D5BABE-B7C5-4D73-9F8F-B5411866A1BE}.Debug|x86.ActiveCfg = Debug|Any CPU
		{B4D5BABE-B7C5-4D73-9F8F-B5411866A1BE}.Debug|x86.Build.0 = Debug|Any CPU
		{B4D5BABE-B7C5-4D73-9F8F-B5411866A1BE}.Release|Any CPU.ActiveCfg = Release|Any CPU
		{B4D5BABE-B7C5-4D73-9F8F-B5411866A1BE}.Release|Any CPU.Build.0 = Release|Any CPU
		{B4D5BABE-B7C5-4D73-9F8F-B5411866A1BE}.Release|x64.ActiveCfg = Release|Any CPU
		{B4D5BABE-B7C5-4D73-9F8F-B5411866A1BE}.Release|x64.Build.0 = Release|Any CPU
		{B4D5BABE-B7C5-4D73-9F8F-B5411866A1BE}.Release|x86.ActiveCfg = Release|Any CPU
		{B4D5BABE-B7C5-4D73-9F8F-B5411866A1BE}.Release|x86.Build.0 = Release|Any CPU
		{68AA41CC-6095-4889-8114-B9E1B3F08B75}.Debug|Any CPU.ActiveCfg = Debug|Any CPU
		{68AA41CC-6095-4889-8114-B9E1B3F08B75}.Debug|Any CPU.Build.0 = Debug|Any CPU
		{68AA41CC-6095-4889-8114-B9E1B3F08B75}.Debug|x64.ActiveCfg = Debug|Any CPU
		{68AA41CC-6095-4889-8114-B9E1B3F08B75}.Debug|x64.Build.0 = Debug|Any CPU
		{68AA41CC-6095-4889-8114-B9E1B3F08B75}.Debug|x86.ActiveCfg = Debug|Any CPU
		{68AA41CC-6095-4889-8114-B9E1B3F08B75}.Debug|x86.Build.0 = Debug|Any CPU
		{68AA41CC-6095-4889-8114-B9E1B3F08B75}.Release|Any CPU.ActiveCfg = Release|Any CPU
		{68AA41CC-6095-4889-8114-B9E1B3F08B75}.Release|Any CPU.Build.0 = Release|Any CPU
		{68AA41CC-6095-4889-8114-B9E1B3F08B75}.Release|x64.ActiveCfg = Release|Any CPU
		{68AA41CC-6095-4889-8114-B9E1B3F08B75}.Release|x64.Build.0 = Release|Any CPU
		{68AA41CC-6095-4889-8114-B9E1B3F08B75}.Release|x86.ActiveCfg = Release|Any CPU
		{68AA41CC-6095-4889-8114-B9E1B3F08B75}.Release|x86.Build.0 = Release|Any CPU
		{09D5BA00-5066-4FDF-81C5-DC5E469DB11F}.Debug|Any CPU.ActiveCfg = Debug|Any CPU
		{09D5BA00-5066-4FDF-81C5-DC5E469DB11F}.Debug|Any CPU.Build.0 = Debug|Any CPU
		{09D5BA00-5066-4FDF-81C5-DC5E469DB11F}.Debug|x64.ActiveCfg = Debug|Any CPU
		{09D5BA00-5066-4FDF-81C5-DC5E469DB11F}.Debug|x64.Build.0 = Debug|Any CPU
		{09D5BA00-5066-4FDF-81C5-DC5E469DB11F}.Debug|x86.ActiveCfg = Debug|Any CPU
		{09D5BA00-5066-4FDF-81C5-DC5E469DB11F}.Debug|x86.Build.0 = Debug|Any CPU
		{09D5BA00-5066-4FDF-81C5-DC5E469DB11F}.Release|Any CPU.ActiveCfg = Release|Any CPU
		{09D5BA00-5066-4FDF-81C5-DC5E469DB11F}.Release|Any CPU.Build.0 = Release|Any CPU
		{09D5BA00-5066-4FDF-81C5-DC5E469DB11F}.Release|x64.ActiveCfg = Release|Any CPU
		{09D5BA00-5066-4FDF-81C5-DC5E469DB11F}.Release|x64.Build.0 = Release|Any CPU
		{09D5BA00-5066-4FDF-81C5-DC5E469DB11F}.Release|x86.ActiveCfg = Release|Any CPU
		{09D5BA00-5066-4FDF-81C5-DC5E469DB11F}.Release|x86.Build.0 = Release|Any CPU
		{7B565BBE-97BE-4964-BA30-E9B8F70978ED}.Debug|Any CPU.ActiveCfg = Debug|Any CPU
		{7B565BBE-97BE-4964-BA30-E9B8F70978ED}.Debug|Any CPU.Build.0 = Debug|Any CPU
		{7B565BBE-97BE-4964-BA30-E9B8F70978ED}.Debug|x64.ActiveCfg = Debug|Any CPU
		{7B565BBE-97BE-4964-BA30-E9B8F70978ED}.Debug|x64.Build.0 = Debug|Any CPU
		{7B565BBE-97BE-4964-BA30-E9B8F70978ED}.Debug|x86.ActiveCfg = Debug|Any CPU
		{7B565BBE-97BE-4964-BA30-E9B8F70978ED}.Debug|x86.Build.0 = Debug|Any CPU
		{7B565BBE-97BE-4964-BA30-E9B8F70978ED}.Release|Any CPU.ActiveCfg = Release|Any CPU
		{7B565BBE-97BE-4964-BA30-E9B8F70978ED}.Release|Any CPU.Build.0 = Release|Any CPU
		{7B565BBE-97BE-4964-BA30-E9B8F70978ED}.Release|x64.ActiveCfg = Release|Any CPU
		{7B565BBE-97BE-4964-BA30-E9B8F70978ED}.Release|x64.Build.0 = Release|Any CPU
		{7B565BBE-97BE-4964-BA30-E9B8F70978ED}.Release|x86.ActiveCfg = Release|Any CPU
		{7B565BBE-97BE-4964-BA30-E9B8F70978ED}.Release|x86.Build.0 = Release|Any CPU
		{7D6AC09C-D5A1-436E-9437-BD3B3FCD3B64}.Debug|Any CPU.ActiveCfg = Debug|Any CPU
		{7D6AC09C-D5A1-436E-9437-BD3B3FCD3B64}.Debug|Any CPU.Build.0 = Debug|Any CPU
		{7D6AC09C-D5A1-436E-9437-BD3B3FCD3B64}.Debug|x64.ActiveCfg = Debug|Any CPU
		{7D6AC09C-D5A1-436E-9437-BD3B3FCD3B64}.Debug|x64.Build.0 = Debug|Any CPU
		{7D6AC09C-D5A1-436E-9437-BD3B3FCD3B64}.Debug|x86.ActiveCfg = Debug|Any CPU
		{7D6AC09C-D5A1-436E-9437-BD3B3FCD3B64}.Debug|x86.Build.0 = Debug|Any CPU
		{7D6AC09C-D5A1-436E-9437-BD3B3FCD3B64}.Release|Any CPU.ActiveCfg = Release|Any CPU
		{7D6AC09C-D5A1-436E-9437-BD3B3FCD3B64}.Release|Any CPU.Build.0 = Release|Any CPU
		{7D6AC09C-D5A1-436E-9437-BD3B3FCD3B64}.Release|x64.ActiveCfg = Release|Any CPU
		{7D6AC09C-D5A1-436E-9437-BD3B3FCD3B64}.Release|x64.Build.0 = Release|Any CPU
		{7D6AC09C-D5A1-436E-9437-BD3B3FCD3B64}.Release|x86.ActiveCfg = Release|Any CPU
		{7D6AC09C-D5A1-436E-9437-BD3B3FCD3B64}.Release|x86.Build.0 = Release|Any CPU
		{12D598FD-8FFA-4BAF-8594-FDB9834144FF}.Debug|Any CPU.ActiveCfg = Debug|Any CPU
		{12D598FD-8FFA-4BAF-8594-FDB9834144FF}.Debug|Any CPU.Build.0 = Debug|Any CPU
		{12D598FD-8FFA-4BAF-8594-FDB9834144FF}.Debug|x64.ActiveCfg = Debug|Any CPU
		{12D598FD-8FFA-4BAF-8594-FDB9834144FF}.Debug|x64.Build.0 = Debug|Any CPU
		{12D598FD-8FFA-4BAF-8594-FDB9834144FF}.Debug|x86.ActiveCfg = Debug|Any CPU
		{12D598FD-8FFA-4BAF-8594-FDB9834144FF}.Debug|x86.Build.0 = Debug|Any CPU
		{12D598FD-8FFA-4BAF-8594-FDB9834144FF}.Release|Any CPU.ActiveCfg = Release|Any CPU
		{12D598FD-8FFA-4BAF-8594-FDB9834144FF}.Release|Any CPU.Build.0 = Release|Any CPU
		{12D598FD-8FFA-4BAF-8594-FDB9834144FF}.Release|x64.ActiveCfg = Release|Any CPU
		{12D598FD-8FFA-4BAF-8594-FDB9834144FF}.Release|x64.Build.0 = Release|Any CPU
		{12D598FD-8FFA-4BAF-8594-FDB9834144FF}.Release|x86.ActiveCfg = Release|Any CPU
		{12D598FD-8FFA-4BAF-8594-FDB9834144FF}.Release|x86.Build.0 = Release|Any CPU
		{6C443730-DF8D-45AF-9575-AE06D229402B}.Debug|Any CPU.ActiveCfg = Debug|Any CPU
		{6C443730-DF8D-45AF-9575-AE06D229402B}.Debug|Any CPU.Build.0 = Debug|Any CPU
		{6C443730-DF8D-45AF-9575-AE06D229402B}.Debug|x64.ActiveCfg = Debug|Any CPU
		{6C443730-DF8D-45AF-9575-AE06D229402B}.Debug|x64.Build.0 = Debug|Any CPU
		{6C443730-DF8D-45AF-9575-AE06D229402B}.Debug|x86.ActiveCfg = Debug|Any CPU
		{6C443730-DF8D-45AF-9575-AE06D229402B}.Debug|x86.Build.0 = Debug|Any CPU
		{6C443730-DF8D-45AF-9575-AE06D229402B}.Release|Any CPU.ActiveCfg = Release|Any CPU
		{6C443730-DF8D-45AF-9575-AE06D229402B}.Release|Any CPU.Build.0 = Release|Any CPU
		{6C443730-DF8D-45AF-9575-AE06D229402B}.Release|x64.ActiveCfg = Release|Any CPU
		{6C443730-DF8D-45AF-9575-AE06D229402B}.Release|x64.Build.0 = Release|Any CPU
		{6C443730-DF8D-45AF-9575-AE06D229402B}.Release|x86.ActiveCfg = Release|Any CPU
		{6C443730-DF8D-45AF-9575-AE06D229402B}.Release|x86.Build.0 = Release|Any CPU
		{DDF1B695-A47A-4FF3-ACFC-B0912B9581F7}.Debug|Any CPU.ActiveCfg = Debug|Any CPU
		{DDF1B695-A47A-4FF3-ACFC-B0912B9581F7}.Debug|Any CPU.Build.0 = Debug|Any CPU
		{DDF1B695-A47A-4FF3-ACFC-B0912B9581F7}.Debug|x64.ActiveCfg = Debug|Any CPU
		{DDF1B695-A47A-4FF3-ACFC-B0912B9581F7}.Debug|x64.Build.0 = Debug|Any CPU
		{DDF1B695-A47A-4FF3-ACFC-B0912B9581F7}.Debug|x86.ActiveCfg = Debug|Any CPU
		{DDF1B695-A47A-4FF3-ACFC-B0912B9581F7}.Debug|x86.Build.0 = Debug|Any CPU
		{DDF1B695-A47A-4FF3-ACFC-B0912B9581F7}.Release|Any CPU.ActiveCfg = Release|Any CPU
		{DDF1B695-A47A-4FF3-ACFC-B0912B9581F7}.Release|Any CPU.Build.0 = Release|Any CPU
		{DDF1B695-A47A-4FF3-ACFC-B0912B9581F7}.Release|x64.ActiveCfg = Release|Any CPU
		{DDF1B695-A47A-4FF3-ACFC-B0912B9581F7}.Release|x64.Build.0 = Release|Any CPU
		{DDF1B695-A47A-4FF3-ACFC-B0912B9581F7}.Release|x86.ActiveCfg = Release|Any CPU
		{DDF1B695-A47A-4FF3-ACFC-B0912B9581F7}.Release|x86.Build.0 = Release|Any CPU
		{88734BE2-8E37-442B-A0FD-EA8D622E6DCC}.Debug|Any CPU.ActiveCfg = Debug|Any CPU
		{88734BE2-8E37-442B-A0FD-EA8D622E6DCC}.Debug|Any CPU.Build.0 = Debug|Any CPU
		{88734BE2-8E37-442B-A0FD-EA8D622E6DCC}.Debug|x64.ActiveCfg = Debug|Any CPU
		{88734BE2-8E37-442B-A0FD-EA8D622E6DCC}.Debug|x64.Build.0 = Debug|Any CPU
		{88734BE2-8E37-442B-A0FD-EA8D622E6DCC}.Debug|x86.ActiveCfg = Debug|Any CPU
		{88734BE2-8E37-442B-A0FD-EA8D622E6DCC}.Debug|x86.Build.0 = Debug|Any CPU
		{88734BE2-8E37-442B-A0FD-EA8D622E6DCC}.Release|Any CPU.ActiveCfg = Release|Any CPU
		{88734BE2-8E37-442B-A0FD-EA8D622E6DCC}.Release|Any CPU.Build.0 = Release|Any CPU
		{88734BE2-8E37-442B-A0FD-EA8D622E6DCC}.Release|x64.ActiveCfg = Release|Any CPU
		{88734BE2-8E37-442B-A0FD-EA8D622E6DCC}.Release|x64.Build.0 = Release|Any CPU
		{88734BE2-8E37-442B-A0FD-EA8D622E6DCC}.Release|x86.ActiveCfg = Release|Any CPU
		{88734BE2-8E37-442B-A0FD-EA8D622E6DCC}.Release|x86.Build.0 = Release|Any CPU
		{B2927BC6-A72A-4D28-AFEE-DBA0F1724C22}.Debug|Any CPU.ActiveCfg = Debug|Any CPU
		{B2927BC6-A72A-4D28-AFEE-DBA0F1724C22}.Debug|Any CPU.Build.0 = Debug|Any CPU
		{B2927BC6-A72A-4D28-AFEE-DBA0F1724C22}.Debug|x64.ActiveCfg = Debug|Any CPU
		{B2927BC6-A72A-4D28-AFEE-DBA0F1724C22}.Debug|x64.Build.0 = Debug|Any CPU
		{B2927BC6-A72A-4D28-AFEE-DBA0F1724C22}.Debug|x86.ActiveCfg = Debug|Any CPU
		{B2927BC6-A72A-4D28-AFEE-DBA0F1724C22}.Debug|x86.Build.0 = Debug|Any CPU
		{B2927BC6-A72A-4D28-AFEE-DBA0F1724C22}.Release|Any CPU.ActiveCfg = Release|Any CPU
		{B2927BC6-A72A-4D28-AFEE-DBA0F1724C22}.Release|Any CPU.Build.0 = Release|Any CPU
		{B2927BC6-A72A-4D28-AFEE-DBA0F1724C22}.Release|x64.ActiveCfg = Release|Any CPU
		{B2927BC6-A72A-4D28-AFEE-DBA0F1724C22}.Release|x64.Build.0 = Release|Any CPU
		{B2927BC6-A72A-4D28-AFEE-DBA0F1724C22}.Release|x86.ActiveCfg = Release|Any CPU
		{B2927BC6-A72A-4D28-AFEE-DBA0F1724C22}.Release|x86.Build.0 = Release|Any CPU
		{5F1123A8-3664-41EE-A893-870FE5EB56BB}.Debug|Any CPU.ActiveCfg = Debug|Any CPU
		{5F1123A8-3664-41EE-A893-870FE5EB56BB}.Debug|Any CPU.Build.0 = Debug|Any CPU
		{5F1123A8-3664-41EE-A893-870FE5EB56BB}.Debug|x64.ActiveCfg = Debug|Any CPU
		{5F1123A8-3664-41EE-A893-870FE5EB56BB}.Debug|x64.Build.0 = Debug|Any CPU
		{5F1123A8-3664-41EE-A893-870FE5EB56BB}.Debug|x86.ActiveCfg = Debug|Any CPU
		{5F1123A8-3664-41EE-A893-870FE5EB56BB}.Debug|x86.Build.0 = Debug|Any CPU
		{5F1123A8-3664-41EE-A893-870FE5EB56BB}.Release|Any CPU.ActiveCfg = Release|Any CPU
		{5F1123A8-3664-41EE-A893-870FE5EB56BB}.Release|Any CPU.Build.0 = Release|Any CPU
		{5F1123A8-3664-41EE-A893-870FE5EB56BB}.Release|x64.ActiveCfg = Release|Any CPU
		{5F1123A8-3664-41EE-A893-870FE5EB56BB}.Release|x64.Build.0 = Release|Any CPU
		{5F1123A8-3664-41EE-A893-870FE5EB56BB}.Release|x86.ActiveCfg = Release|Any CPU
		{5F1123A8-3664-41EE-A893-870FE5EB56BB}.Release|x86.Build.0 = Release|Any CPU
		{08EF7487-9E47-4975-8E31-393108501A71}.Debug|Any CPU.ActiveCfg = Debug|Any CPU
		{08EF7487-9E47-4975-8E31-393108501A71}.Debug|Any CPU.Build.0 = Debug|Any CPU
		{08EF7487-9E47-4975-8E31-393108501A71}.Debug|x64.ActiveCfg = Debug|Any CPU
		{08EF7487-9E47-4975-8E31-393108501A71}.Debug|x64.Build.0 = Debug|Any CPU
		{08EF7487-9E47-4975-8E31-393108501A71}.Debug|x86.ActiveCfg = Debug|Any CPU
		{08EF7487-9E47-4975-8E31-393108501A71}.Debug|x86.Build.0 = Debug|Any CPU
		{08EF7487-9E47-4975-8E31-393108501A71}.Release|Any CPU.ActiveCfg = Release|Any CPU
		{08EF7487-9E47-4975-8E31-393108501A71}.Release|Any CPU.Build.0 = Release|Any CPU
		{08EF7487-9E47-4975-8E31-393108501A71}.Release|x64.ActiveCfg = Release|Any CPU
		{08EF7487-9E47-4975-8E31-393108501A71}.Release|x64.Build.0 = Release|Any CPU
		{08EF7487-9E47-4975-8E31-393108501A71}.Release|x86.ActiveCfg = Release|Any CPU
		{08EF7487-9E47-4975-8E31-393108501A71}.Release|x86.Build.0 = Release|Any CPU
		{365521F2-9A13-45F0-BFDC-E21E9ED9CD55}.Debug|Any CPU.ActiveCfg = Debug|Any CPU
		{365521F2-9A13-45F0-BFDC-E21E9ED9CD55}.Debug|Any CPU.Build.0 = Debug|Any CPU
		{365521F2-9A13-45F0-BFDC-E21E9ED9CD55}.Debug|x64.ActiveCfg = Debug|Any CPU
		{365521F2-9A13-45F0-BFDC-E21E9ED9CD55}.Debug|x64.Build.0 = Debug|Any CPU
		{365521F2-9A13-45F0-BFDC-E21E9ED9CD55}.Debug|x86.ActiveCfg = Debug|Any CPU
		{365521F2-9A13-45F0-BFDC-E21E9ED9CD55}.Debug|x86.Build.0 = Debug|Any CPU
		{365521F2-9A13-45F0-BFDC-E21E9ED9CD55}.Release|Any CPU.ActiveCfg = Release|Any CPU
		{365521F2-9A13-45F0-BFDC-E21E9ED9CD55}.Release|Any CPU.Build.0 = Release|Any CPU
		{365521F2-9A13-45F0-BFDC-E21E9ED9CD55}.Release|x64.ActiveCfg = Release|Any CPU
		{365521F2-9A13-45F0-BFDC-E21E9ED9CD55}.Release|x64.Build.0 = Release|Any CPU
		{365521F2-9A13-45F0-BFDC-E21E9ED9CD55}.Release|x86.ActiveCfg = Release|Any CPU
		{365521F2-9A13-45F0-BFDC-E21E9ED9CD55}.Release|x86.Build.0 = Release|Any CPU
		{6EE481FB-7B14-4211-81CE-9135B62B5A23}.Debug|Any CPU.ActiveCfg = Debug|Any CPU
		{6EE481FB-7B14-4211-81CE-9135B62B5A23}.Debug|Any CPU.Build.0 = Debug|Any CPU
		{6EE481FB-7B14-4211-81CE-9135B62B5A23}.Debug|x64.ActiveCfg = Debug|Any CPU
		{6EE481FB-7B14-4211-81CE-9135B62B5A23}.Debug|x64.Build.0 = Debug|Any CPU
		{6EE481FB-7B14-4211-81CE-9135B62B5A23}.Debug|x86.ActiveCfg = Debug|Any CPU
		{6EE481FB-7B14-4211-81CE-9135B62B5A23}.Debug|x86.Build.0 = Debug|Any CPU
		{6EE481FB-7B14-4211-81CE-9135B62B5A23}.Release|Any CPU.ActiveCfg = Release|Any CPU
		{6EE481FB-7B14-4211-81CE-9135B62B5A23}.Release|Any CPU.Build.0 = Release|Any CPU
		{6EE481FB-7B14-4211-81CE-9135B62B5A23}.Release|x64.ActiveCfg = Release|Any CPU
		{6EE481FB-7B14-4211-81CE-9135B62B5A23}.Release|x64.Build.0 = Release|Any CPU
		{6EE481FB-7B14-4211-81CE-9135B62B5A23}.Release|x86.ActiveCfg = Release|Any CPU
		{6EE481FB-7B14-4211-81CE-9135B62B5A23}.Release|x86.Build.0 = Release|Any CPU
	EndGlobalSection
	GlobalSection(NestedProjects) = preSolution
		{2A829DE3-FCB2-4FEA-A6F3-B85122C8D11E} = {F5F87A9D-C304-4833-B107-D666317F6931}
		{97EBBD32-8980-4243-9F90-BC7075B3EC8F} = {F5F87A9D-C304-4833-B107-D666317F6931}
		{B4D5BABE-B7C5-4D73-9F8F-B5411866A1BE} = {F5F87A9D-C304-4833-B107-D666317F6931}
		{68AA41CC-6095-4889-8114-B9E1B3F08B75} = {F5F87A9D-C304-4833-B107-D666317F6931}
		{09D5BA00-5066-4FDF-81C5-DC5E469DB11F} = {F5F87A9D-C304-4833-B107-D666317F6931}
		{7B565BBE-97BE-4964-BA30-E9B8F70978ED} = {F5F87A9D-C304-4833-B107-D666317F6931}
		{FBA7FDE5-3884-4C46-A14E-3CDDC9091007} = {F5F87A9D-C304-4833-B107-D666317F6931}
		{7D6AC09C-D5A1-436E-9437-BD3B3FCD3B64} = {FBA7FDE5-3884-4C46-A14E-3CDDC9091007}
		{12D598FD-8FFA-4BAF-8594-FDB9834144FF} = {F5F87A9D-C304-4833-B107-D666317F6931}
		{570637B0-A2D5-4DE0-BE6E-F6D18FDADEF8} = {F5F87A9D-C304-4833-B107-D666317F6931}
		{6C443730-DF8D-45AF-9575-AE06D229402B} = {570637B0-A2D5-4DE0-BE6E-F6D18FDADEF8}
		{B3780286-288A-45E7-ABAE-FFF7A3428D59} = {F5F87A9D-C304-4833-B107-D666317F6931}
		{DDF1B695-A47A-4FF3-ACFC-B0912B9581F7} = {B3780286-288A-45E7-ABAE-FFF7A3428D59}
		{364C79C4-8DED-4395-AC5C-33AF4A1137FD} = {F5F87A9D-C304-4833-B107-D666317F6931}
		{88734BE2-8E37-442B-A0FD-EA8D622E6DCC} = {364C79C4-8DED-4395-AC5C-33AF4A1137FD}
		{B2927BC6-A72A-4D28-AFEE-DBA0F1724C22} = {364C79C4-8DED-4395-AC5C-33AF4A1137FD}
		{5F1123A8-3664-41EE-A893-870FE5EB56BB} = {364C79C4-8DED-4395-AC5C-33AF4A1137FD}
		{08EF7487-9E47-4975-8E31-393108501A71} = {F5F87A9D-C304-4833-B107-D666317F6931}
		{365521F2-9A13-45F0-BFDC-E21E9ED9CD55} = {F5F87A9D-C304-4833-B107-D666317F6931}
		{6EE481FB-7B14-4211-81CE-9135B62B5A23} = {F5F87A9D-C304-4833-B107-D666317F6931}
	EndGlobalSection
EndGlobal
